// !$*UTF8*$!
{
	archiveVersion = 1;
	classes = {
	};
	objectVersion = 46;
	objects = {

/* Begin PBXBuildFile section */
		B97E40002E45C73B1890F333 /* Pods_Islams_FundamentTests.framework in Frameworks */ = {isa = PBXBuildFile; fileRef = 21343CC60AD1BA6BCC1B5030 /* Pods_Islams_FundamentTests.framework */; };
		C5D8FC70C7CDFD95B94CDD1C /* Pods_Islams_Fundament.framework in Frameworks */ = {isa = PBXBuildFile; fileRef = 330ECE3687FCFF34F8B24768 /* Pods_Islams_Fundament.framework */; };
		F71D9F741F1FEA5D00BD05A6 /* alfatiha.m4a in Resources */ = {isa = PBXBuildFile; fileRef = F71D9F6E1F1FEA5D00BD05A6 /* alfatiha.m4a */; };
		F71D9F751F1FEA5D00BD05A6 /* assalam.m4a in Resources */ = {isa = PBXBuildFile; fileRef = F71D9F6F1F1FEA5D00BD05A6 /* assalam.m4a */; };
		F71D9F761F1FEA5D00BD05A6 /* bismillah.m4a in Resources */ = {isa = PBXBuildFile; fileRef = F71D9F701F1FEA5D00BD05A6 /* bismillah.m4a */; };
		F71D9F771F1FEA5D00BD05A6 /* salat.m4a in Resources */ = {isa = PBXBuildFile; fileRef = F71D9F711F1FEA5D00BD05A6 /* salat.m4a */; };
		F71D9F781F1FEA5D00BD05A6 /* takbira.m4a in Resources */ = {isa = PBXBuildFile; fileRef = F71D9F721F1FEA5D00BD05A6 /* takbira.m4a */; };
		F71D9F791F1FEA5D00BD05A6 /* tashahhud.m4a in Resources */ = {isa = PBXBuildFile; fileRef = F71D9F731F1FEA5D00BD05A6 /* tashahhud.m4a */; };
		F78743741F100751000035A0 /* DroidNaskh-Regular.ttf in Resources */ = {isa = PBXBuildFile; fileRef = F78743731F100751000035A0 /* DroidNaskh-Regular.ttf */; };
		F78743851F105451000035A0 /* ContactViewController.swift in Sources */ = {isa = PBXBuildFile; fileRef = F78743841F105451000035A0 /* ContactViewController.swift */; };
		F7A6364A1EFFEEBB001E0544 /* AppDelegate.swift in Sources */ = {isa = PBXBuildFile; fileRef = F7A636491EFFEEBB001E0544 /* AppDelegate.swift */; };
		F7A6364F1EFFEEBB001E0544 /* Main.storyboard in Resources */ = {isa = PBXBuildFile; fileRef = F7A6364D1EFFEEBB001E0544 /* Main.storyboard */; };
		F7A636511EFFEEBB001E0544 /* Assets.xcassets in Resources */ = {isa = PBXBuildFile; fileRef = F7A636501EFFEEBB001E0544 /* Assets.xcassets */; };
		F7A636541EFFEEBB001E0544 /* LaunchScreen.storyboard in Resources */ = {isa = PBXBuildFile; fileRef = F7A636521EFFEEBB001E0544 /* LaunchScreen.storyboard */; };
		F7A6365F1EFFEEBB001E0544 /* IslamAppTests.swift in Sources */ = {isa = PBXBuildFile; fileRef = F7A6365E1EFFEEBB001E0544 /* IslamAppTests.swift */; };
		F7A6366A1EFFEEBB001E0544 /* IslamAppUITests.swift in Sources */ = {isa = PBXBuildFile; fileRef = F7A636691EFFEEBB001E0544 /* IslamAppUITests.swift */; };
		F7A6367B1EFFF130001E0544 /* HomeTableViewCell.swift in Sources */ = {isa = PBXBuildFile; fileRef = F7A6367A1EFFF130001E0544 /* HomeTableViewCell.swift */; };
		F7A6367D1EFFF155001E0544 /* Constants.swift in Sources */ = {isa = PBXBuildFile; fileRef = F7A6367C1EFFF155001E0544 /* Constants.swift */; };
		F7A6367F1EFFF19A001E0544 /* HomeViewController.swift in Sources */ = {isa = PBXBuildFile; fileRef = F7A6367E1EFFF19A001E0544 /* HomeViewController.swift */; };
		F7EA450B1F0EC6680038C07D /* PagerTabsViewController.swift in Sources */ = {isa = PBXBuildFile; fileRef = F7EA450A1F0EC6680038C07D /* PagerTabsViewController.swift */; };
		F7EA450E1F0ED2660038C07D /* TabItemData.swift in Sources */ = {isa = PBXBuildFile; fileRef = F7EA450D1F0ED2660038C07D /* TabItemData.swift */; };
		F7EA45101F0ED2FA0038C07D /* TabItemDataGenerator.swift in Sources */ = {isa = PBXBuildFile; fileRef = F7EA450F1F0ED2FA0038C07D /* TabItemDataGenerator.swift */; };
		F7FF270A1F0D9D1000913313 /* TextViewController.swift in Sources */ = {isa = PBXBuildFile; fileRef = F7FF27091F0D9D1000913313 /* TextViewController.swift */; };
		F807230700649D469BB648A5 /* Pods_Islams_FundamentUITests.framework in Frameworks */ = {isa = PBXBuildFile; fileRef = 613B2ED0A8637B6889A40817 /* Pods_Islams_FundamentUITests.framework */; };
/* End PBXBuildFile section */

/* Begin PBXContainerItemProxy section */
		F7A6365B1EFFEEBB001E0544 /* PBXContainerItemProxy */ = {
			isa = PBXContainerItemProxy;
			containerPortal = F7A6363E1EFFEEBA001E0544 /* Project object */;
			proxyType = 1;
			remoteGlobalIDString = F7A636451EFFEEBB001E0544;
			remoteInfo = IslamApp;
		};
		F7A636661EFFEEBB001E0544 /* PBXContainerItemProxy */ = {
			isa = PBXContainerItemProxy;
			containerPortal = F7A6363E1EFFEEBA001E0544 /* Project object */;
			proxyType = 1;
			remoteGlobalIDString = F7A636451EFFEEBB001E0544;
			remoteInfo = IslamApp;
		};
/* End PBXContainerItemProxy section */

/* Begin PBXFileReference section */
		1EC2F9C46C3E4692EA25BCD3 /* Pods_IslamApp.framework */ = {isa = PBXFileReference; explicitFileType = wrapper.framework; includeInIndex = 0; path = Pods_IslamApp.framework; sourceTree = BUILT_PRODUCTS_DIR; };
		21343CC60AD1BA6BCC1B5030 /* Pods_Islams_FundamentTests.framework */ = {isa = PBXFileReference; explicitFileType = wrapper.framework; includeInIndex = 0; path = Pods_Islams_FundamentTests.framework; sourceTree = BUILT_PRODUCTS_DIR; };
		330ECE3687FCFF34F8B24768 /* Pods_Islams_Fundament.framework */ = {isa = PBXFileReference; explicitFileType = wrapper.framework; includeInIndex = 0; path = Pods_Islams_Fundament.framework; sourceTree = BUILT_PRODUCTS_DIR; };
		55BC6D21AB86F095BD3A8A32 /* Pods-Islams FundamentUITests.debug.xcconfig */ = {isa = PBXFileReference; includeInIndex = 1; lastKnownFileType = text.xcconfig; name = "Pods-Islams FundamentUITests.debug.xcconfig"; path = "Pods/Target Support Files/Pods-Islams FundamentUITests/Pods-Islams FundamentUITests.debug.xcconfig"; sourceTree = "<group>"; };
		613B2ED0A8637B6889A40817 /* Pods_Islams_FundamentUITests.framework */ = {isa = PBXFileReference; explicitFileType = wrapper.framework; includeInIndex = 0; path = Pods_Islams_FundamentUITests.framework; sourceTree = BUILT_PRODUCTS_DIR; };
		77D4563E5B3B69A39FB74EEC /* Pods-Islams Fundament.debug.xcconfig */ = {isa = PBXFileReference; includeInIndex = 1; lastKnownFileType = text.xcconfig; name = "Pods-Islams Fundament.debug.xcconfig"; path = "Pods/Target Support Files/Pods-Islams Fundament/Pods-Islams Fundament.debug.xcconfig"; sourceTree = "<group>"; };
		86AAC968FB5DCBE7623A0BBF /* Pods-Islams FundamentUITests.release.xcconfig */ = {isa = PBXFileReference; includeInIndex = 1; lastKnownFileType = text.xcconfig; name = "Pods-Islams FundamentUITests.release.xcconfig"; path = "Pods/Target Support Files/Pods-Islams FundamentUITests/Pods-Islams FundamentUITests.release.xcconfig"; sourceTree = "<group>"; };
		A0E3AF2E2EA0213B11DF196E /* Pods-Islams FundamentTests.release.xcconfig */ = {isa = PBXFileReference; includeInIndex = 1; lastKnownFileType = text.xcconfig; name = "Pods-Islams FundamentTests.release.xcconfig"; path = "Pods/Target Support Files/Pods-Islams FundamentTests/Pods-Islams FundamentTests.release.xcconfig"; sourceTree = "<group>"; };
		C12CEE1E34B35CD9C14F4BCA /* Pods-Islams Fundament.release.xcconfig */ = {isa = PBXFileReference; includeInIndex = 1; lastKnownFileType = text.xcconfig; name = "Pods-Islams Fundament.release.xcconfig"; path = "Pods/Target Support Files/Pods-Islams Fundament/Pods-Islams Fundament.release.xcconfig"; sourceTree = "<group>"; };
		D3D65AA1952C2903F057C8C6 /* Pods-Islams FundamentTests.debug.xcconfig */ = {isa = PBXFileReference; includeInIndex = 1; lastKnownFileType = text.xcconfig; name = "Pods-Islams FundamentTests.debug.xcconfig"; path = "Pods/Target Support Files/Pods-Islams FundamentTests/Pods-Islams FundamentTests.debug.xcconfig"; sourceTree = "<group>"; };
		F71D9F6E1F1FEA5D00BD05A6 /* alfatiha.m4a */ = {isa = PBXFileReference; lastKnownFileType = file; path = alfatiha.m4a; sourceTree = "<group>"; };
		F71D9F6F1F1FEA5D00BD05A6 /* assalam.m4a */ = {isa = PBXFileReference; lastKnownFileType = file; path = assalam.m4a; sourceTree = "<group>"; };
		F71D9F701F1FEA5D00BD05A6 /* bismillah.m4a */ = {isa = PBXFileReference; lastKnownFileType = file; path = bismillah.m4a; sourceTree = "<group>"; };
		F71D9F711F1FEA5D00BD05A6 /* salat.m4a */ = {isa = PBXFileReference; lastKnownFileType = file; path = salat.m4a; sourceTree = "<group>"; };
		F71D9F721F1FEA5D00BD05A6 /* takbira.m4a */ = {isa = PBXFileReference; lastKnownFileType = file; path = takbira.m4a; sourceTree = "<group>"; };
		F71D9F731F1FEA5D00BD05A6 /* tashahhud.m4a */ = {isa = PBXFileReference; lastKnownFileType = file; path = tashahhud.m4a; sourceTree = "<group>"; };
		F78743731F100751000035A0 /* DroidNaskh-Regular.ttf */ = {isa = PBXFileReference; lastKnownFileType = file; path = "DroidNaskh-Regular.ttf"; sourceTree = "<group>"; };
		F78743841F105451000035A0 /* ContactViewController.swift */ = {isa = PBXFileReference; fileEncoding = 4; lastKnownFileType = sourcecode.swift; path = ContactViewController.swift; sourceTree = "<group>"; };
		F7A636461EFFEEBB001E0544 /* Islams Fundament.app */ = {isa = PBXFileReference; explicitFileType = wrapper.application; includeInIndex = 0; path = "Islams Fundament.app"; sourceTree = BUILT_PRODUCTS_DIR; };
		F7A636491EFFEEBB001E0544 /* AppDelegate.swift */ = {isa = PBXFileReference; lastKnownFileType = sourcecode.swift; path = AppDelegate.swift; sourceTree = "<group>"; };
		F7A6364E1EFFEEBB001E0544 /* Base */ = {isa = PBXFileReference; lastKnownFileType = file.storyboard; name = Base; path = Base.lproj/Main.storyboard; sourceTree = "<group>"; };
		F7A636501EFFEEBB001E0544 /* Assets.xcassets */ = {isa = PBXFileReference; lastKnownFileType = folder.assetcatalog; path = Assets.xcassets; sourceTree = "<group>"; };
		F7A636531EFFEEBB001E0544 /* Base */ = {isa = PBXFileReference; lastKnownFileType = file.storyboard; name = Base; path = Base.lproj/LaunchScreen.storyboard; sourceTree = "<group>"; };
		F7A636551EFFEEBB001E0544 /* Info.plist */ = {isa = PBXFileReference; lastKnownFileType = text.plist.xml; path = Info.plist; sourceTree = "<group>"; };
		F7A6365A1EFFEEBB001E0544 /* Islams FundamentTests.xctest */ = {isa = PBXFileReference; explicitFileType = wrapper.cfbundle; includeInIndex = 0; path = "Islams FundamentTests.xctest"; sourceTree = BUILT_PRODUCTS_DIR; };
		F7A6365E1EFFEEBB001E0544 /* IslamAppTests.swift */ = {isa = PBXFileReference; lastKnownFileType = sourcecode.swift; path = IslamAppTests.swift; sourceTree = "<group>"; };
		F7A636601EFFEEBB001E0544 /* Info.plist */ = {isa = PBXFileReference; lastKnownFileType = text.plist.xml; path = Info.plist; sourceTree = "<group>"; };
		F7A636651EFFEEBB001E0544 /* Islams FundamentUITests.xctest */ = {isa = PBXFileReference; explicitFileType = wrapper.cfbundle; includeInIndex = 0; path = "Islams FundamentUITests.xctest"; sourceTree = BUILT_PRODUCTS_DIR; };
		F7A636691EFFEEBB001E0544 /* IslamAppUITests.swift */ = {isa = PBXFileReference; lastKnownFileType = sourcecode.swift; path = IslamAppUITests.swift; sourceTree = "<group>"; };
		F7A6366B1EFFEEBB001E0544 /* Info.plist */ = {isa = PBXFileReference; lastKnownFileType = text.plist.xml; path = Info.plist; sourceTree = "<group>"; };
		F7A6367A1EFFF130001E0544 /* HomeTableViewCell.swift */ = {isa = PBXFileReference; fileEncoding = 4; lastKnownFileType = sourcecode.swift; path = HomeTableViewCell.swift; sourceTree = "<group>"; };
		F7A6367C1EFFF155001E0544 /* Constants.swift */ = {isa = PBXFileReference; fileEncoding = 4; lastKnownFileType = sourcecode.swift; path = Constants.swift; sourceTree = "<group>"; };
		F7A6367E1EFFF19A001E0544 /* HomeViewController.swift */ = {isa = PBXFileReference; fileEncoding = 4; lastKnownFileType = sourcecode.swift; path = HomeViewController.swift; sourceTree = "<group>"; };
		F7EA450A1F0EC6680038C07D /* PagerTabsViewController.swift */ = {isa = PBXFileReference; fileEncoding = 4; lastKnownFileType = sourcecode.swift; path = PagerTabsViewController.swift; sourceTree = "<group>"; };
		F7EA450D1F0ED2660038C07D /* TabItemData.swift */ = {isa = PBXFileReference; fileEncoding = 4; lastKnownFileType = sourcecode.swift; path = TabItemData.swift; sourceTree = "<group>"; };
		F7EA450F1F0ED2FA0038C07D /* TabItemDataGenerator.swift */ = {isa = PBXFileReference; fileEncoding = 4; lastKnownFileType = sourcecode.swift; path = TabItemDataGenerator.swift; sourceTree = "<group>"; };
		F7FF27091F0D9D1000913313 /* TextViewController.swift */ = {isa = PBXFileReference; fileEncoding = 4; lastKnownFileType = sourcecode.swift; path = TextViewController.swift; sourceTree = "<group>"; };
/* End PBXFileReference section */

/* Begin PBXFrameworksBuildPhase section */
		F7A636431EFFEEBB001E0544 /* Frameworks */ = {
			isa = PBXFrameworksBuildPhase;
			buildActionMask = 2147483647;
			files = (
				C5D8FC70C7CDFD95B94CDD1C /* Pods_Islams_Fundament.framework in Frameworks */,
			);
			runOnlyForDeploymentPostprocessing = 0;
		};
		F7A636571EFFEEBB001E0544 /* Frameworks */ = {
			isa = PBXFrameworksBuildPhase;
			buildActionMask = 2147483647;
			files = (
				B97E40002E45C73B1890F333 /* Pods_Islams_FundamentTests.framework in Frameworks */,
			);
			runOnlyForDeploymentPostprocessing = 0;
		};
		F7A636621EFFEEBB001E0544 /* Frameworks */ = {
			isa = PBXFrameworksBuildPhase;
			buildActionMask = 2147483647;
			files = (
				F807230700649D469BB648A5 /* Pods_Islams_FundamentUITests.framework in Frameworks */,
			);
			runOnlyForDeploymentPostprocessing = 0;
		};
/* End PBXFrameworksBuildPhase section */

/* Begin PBXGroup section */
		0B732DDBEF1213EBEF3F1ECF /* Pods */ = {
			isa = PBXGroup;
			children = (
				77D4563E5B3B69A39FB74EEC /* Pods-Islams Fundament.debug.xcconfig */,
				C12CEE1E34B35CD9C14F4BCA /* Pods-Islams Fundament.release.xcconfig */,
				D3D65AA1952C2903F057C8C6 /* Pods-Islams FundamentTests.debug.xcconfig */,
				A0E3AF2E2EA0213B11DF196E /* Pods-Islams FundamentTests.release.xcconfig */,
				55BC6D21AB86F095BD3A8A32 /* Pods-Islams FundamentUITests.debug.xcconfig */,
				86AAC968FB5DCBE7623A0BBF /* Pods-Islams FundamentUITests.release.xcconfig */,
			);
			name = Pods;
			sourceTree = "<group>";
		};
		22F0379074CEE883723F275E /* Frameworks */ = {
			isa = PBXGroup;
			children = (
				1EC2F9C46C3E4692EA25BCD3 /* Pods_IslamApp.framework */,
				330ECE3687FCFF34F8B24768 /* Pods_Islams_Fundament.framework */,
				21343CC60AD1BA6BCC1B5030 /* Pods_Islams_FundamentTests.framework */,
				613B2ED0A8637B6889A40817 /* Pods_Islams_FundamentUITests.framework */,
			);
			name = Frameworks;
			sourceTree = "<group>";
		};
		F78743721F100728000035A0 /* Resources */ = {
			isa = PBXGroup;
			children = (
				F71D9F6E1F1FEA5D00BD05A6 /* alfatiha.m4a */,
				F71D9F6F1F1FEA5D00BD05A6 /* assalam.m4a */,
				F71D9F701F1FEA5D00BD05A6 /* bismillah.m4a */,
				F71D9F711F1FEA5D00BD05A6 /* salat.m4a */,
				F71D9F721F1FEA5D00BD05A6 /* takbira.m4a */,
				F71D9F731F1FEA5D00BD05A6 /* tashahhud.m4a */,
				F78743731F100751000035A0 /* DroidNaskh-Regular.ttf */,
			);
			name = Resources;
			sourceTree = "<group>";
		};
		F7A6363D1EFFEEBA001E0544 = {
			isa = PBXGroup;
			children = (
				F7A636481EFFEEBB001E0544 /* IslamApp */,
				F7A6365D1EFFEEBB001E0544 /* IslamAppTests */,
				F7A636681EFFEEBB001E0544 /* IslamAppUITests */,
				F7A636471EFFEEBB001E0544 /* Products */,
				0B732DDBEF1213EBEF3F1ECF /* Pods */,
				22F0379074CEE883723F275E /* Frameworks */,
			);
			sourceTree = "<group>";
		};
		F7A636471EFFEEBB001E0544 /* Products */ = {
			isa = PBXGroup;
			children = (
				F7A636461EFFEEBB001E0544 /* Islams Fundament.app */,
				F7A6365A1EFFEEBB001E0544 /* Islams FundamentTests.xctest */,
				F7A636651EFFEEBB001E0544 /* Islams FundamentUITests.xctest */,
			);
			name = Products;
			sourceTree = "<group>";
		};
		F7A636481EFFEEBB001E0544 /* IslamApp */ = {
			isa = PBXGroup;
			children = (
				F78743721F100728000035A0 /* Resources */,
				F7A636781EFFF110001E0544 /* View Controllers */,
				F7A636771EFFF106001E0544 /* Views */,
				F7A636491EFFEEBB001E0544 /* AppDelegate.swift */,
				F7A6367C1EFFF155001E0544 /* Constants.swift */,
				F7A6364D1EFFEEBB001E0544 /* Main.storyboard */,
				F7A636501EFFEEBB001E0544 /* Assets.xcassets */,
				F7A636521EFFEEBB001E0544 /* LaunchScreen.storyboard */,
				F7A636551EFFEEBB001E0544 /* Info.plist */,
				F7EA450D1F0ED2660038C07D /* TabItemData.swift */,
				F7EA450F1F0ED2FA0038C07D /* TabItemDataGenerator.swift */,
			);
			path = IslamApp;
			sourceTree = "<group>";
		};
		F7A6365D1EFFEEBB001E0544 /* IslamAppTests */ = {
			isa = PBXGroup;
			children = (
				F7A6365E1EFFEEBB001E0544 /* IslamAppTests.swift */,
				F7A636601EFFEEBB001E0544 /* Info.plist */,
			);
			path = IslamAppTests;
			sourceTree = "<group>";
		};
		F7A636681EFFEEBB001E0544 /* IslamAppUITests */ = {
			isa = PBXGroup;
			children = (
				F7A636691EFFEEBB001E0544 /* IslamAppUITests.swift */,
				F7A6366B1EFFEEBB001E0544 /* Info.plist */,
			);
			path = IslamAppUITests;
			sourceTree = "<group>";
		};
		F7A636771EFFF106001E0544 /* Views */ = {
			isa = PBXGroup;
			children = (
				F7A636791EFFF11F001E0544 /* Cells */,
			);
			name = Views;
			sourceTree = "<group>";
		};
		F7A636781EFFF110001E0544 /* View Controllers */ = {
			isa = PBXGroup;
			children = (
				F7A6367E1EFFF19A001E0544 /* HomeViewController.swift */,
				F7FF27091F0D9D1000913313 /* TextViewController.swift */,
				F7EA450A1F0EC6680038C07D /* PagerTabsViewController.swift */,
				F78743841F105451000035A0 /* ContactViewController.swift */,
			);
			name = "View Controllers";
			sourceTree = "<group>";
		};
		F7A636791EFFF11F001E0544 /* Cells */ = {
			isa = PBXGroup;
			children = (
				F7A6367A1EFFF130001E0544 /* HomeTableViewCell.swift */,
			);
			name = Cells;
			sourceTree = "<group>";
		};
/* End PBXGroup section */

/* Begin PBXNativeTarget section */
		F7A636451EFFEEBB001E0544 /* Islams Fundament */ = {
			isa = PBXNativeTarget;
			buildConfigurationList = F7A6366E1EFFEEBB001E0544 /* Build configuration list for PBXNativeTarget "Islams Fundament" */;
			buildPhases = (
				9EDEE90965DF19E2F39C5C26 /* [CP] Check Pods Manifest.lock */,
				F7A636421EFFEEBB001E0544 /* Sources */,
				F7A636431EFFEEBB001E0544 /* Frameworks */,
				F7A636441EFFEEBB001E0544 /* Resources */,
				03E14CABD00F03A70748E189 /* [CP] Embed Pods Frameworks */,
			);
			buildRules = (
			);
			dependencies = (
			);
			name = "Islams Fundament";
			productName = IslamApp;
			productReference = F7A636461EFFEEBB001E0544 /* Islams Fundament.app */;
			productType = "com.apple.product-type.application";
		};
		F7A636591EFFEEBB001E0544 /* Islams FundamentTests */ = {
			isa = PBXNativeTarget;
			buildConfigurationList = F7A636711EFFEEBB001E0544 /* Build configuration list for PBXNativeTarget "Islams FundamentTests" */;
			buildPhases = (
				352D2CCC3CFE7B1677945B01 /* [CP] Check Pods Manifest.lock */,
				F7A636561EFFEEBB001E0544 /* Sources */,
				F7A636571EFFEEBB001E0544 /* Frameworks */,
				F7A636581EFFEEBB001E0544 /* Resources */,
			);
			buildRules = (
			);
			dependencies = (
				F7A6365C1EFFEEBB001E0544 /* PBXTargetDependency */,
			);
			name = "Islams FundamentTests";
			productName = IslamAppTests;
			productReference = F7A6365A1EFFEEBB001E0544 /* Islams FundamentTests.xctest */;
			productType = "com.apple.product-type.bundle.unit-test";
		};
		F7A636641EFFEEBB001E0544 /* Islams FundamentUITests */ = {
			isa = PBXNativeTarget;
			buildConfigurationList = F7A636741EFFEEBB001E0544 /* Build configuration list for PBXNativeTarget "Islams FundamentUITests" */;
			buildPhases = (
				4C32A9E5F73D0F3FC1344444 /* [CP] Check Pods Manifest.lock */,
				F7A636611EFFEEBB001E0544 /* Sources */,
				F7A636621EFFEEBB001E0544 /* Frameworks */,
				F7A636631EFFEEBB001E0544 /* Resources */,
			);
			buildRules = (
			);
			dependencies = (
				F7A636671EFFEEBB001E0544 /* PBXTargetDependency */,
			);
			name = "Islams FundamentUITests";
			productName = IslamAppUITests;
			productReference = F7A636651EFFEEBB001E0544 /* Islams FundamentUITests.xctest */;
			productType = "com.apple.product-type.bundle.ui-testing";
		};
/* End PBXNativeTarget section */

/* Begin PBXProject section */
		F7A6363E1EFFEEBA001E0544 /* Project object */ = {
			isa = PBXProject;
			attributes = {
				CLASSPREFIX = v;
				LastSwiftUpdateCheck = 0830;
				LastUpgradeCheck = 1010;
				ORGANIZATIONNAME = "Hadi Horani";
				TargetAttributes = {
					F7A636451EFFEEBB001E0544 = {
						CreatedOnToolsVersion = 8.3.3;
						DevelopmentTeam = K6TE72P5B6;
						ProvisioningStyle = Automatic;
					};
					F7A636591EFFEEBB001E0544 = {
						CreatedOnToolsVersion = 8.3.3;
						LastSwiftMigration = 1010;
						ProvisioningStyle = Automatic;
						TestTargetID = F7A636451EFFEEBB001E0544;
					};
					F7A636641EFFEEBB001E0544 = {
						CreatedOnToolsVersion = 8.3.3;
						LastSwiftMigration = 1010;
						ProvisioningStyle = Automatic;
						TestTargetID = F7A636451EFFEEBB001E0544;
					};
				};
			};
			buildConfigurationList = F7A636411EFFEEBA001E0544 /* Build configuration list for PBXProject "Islams Fundament" */;
			compatibilityVersion = "Xcode 3.2";
			developmentRegion = English;
			hasScannedForEncodings = 0;
			knownRegions = (
				English,
				en,
				Base,
			);
			mainGroup = F7A6363D1EFFEEBA001E0544;
			productRefGroup = F7A636471EFFEEBB001E0544 /* Products */;
			projectDirPath = "";
			projectRoot = "";
			targets = (
				F7A636451EFFEEBB001E0544 /* Islams Fundament */,
				F7A636591EFFEEBB001E0544 /* Islams FundamentTests */,
				F7A636641EFFEEBB001E0544 /* Islams FundamentUITests */,
			);
		};
/* End PBXProject section */

/* Begin PBXResourcesBuildPhase section */
		F7A636441EFFEEBB001E0544 /* Resources */ = {
			isa = PBXResourcesBuildPhase;
			buildActionMask = 2147483647;
			files = (
				F71D9F761F1FEA5D00BD05A6 /* bismillah.m4a in Resources */,
				F71D9F741F1FEA5D00BD05A6 /* alfatiha.m4a in Resources */,
				F71D9F751F1FEA5D00BD05A6 /* assalam.m4a in Resources */,
				F78743741F100751000035A0 /* DroidNaskh-Regular.ttf in Resources */,
				F7A636541EFFEEBB001E0544 /* LaunchScreen.storyboard in Resources */,
				F7A636511EFFEEBB001E0544 /* Assets.xcassets in Resources */,
				F71D9F771F1FEA5D00BD05A6 /* salat.m4a in Resources */,
				F71D9F791F1FEA5D00BD05A6 /* tashahhud.m4a in Resources */,
				F71D9F781F1FEA5D00BD05A6 /* takbira.m4a in Resources */,
				F7A6364F1EFFEEBB001E0544 /* Main.storyboard in Resources */,
			);
			runOnlyForDeploymentPostprocessing = 0;
		};
		F7A636581EFFEEBB001E0544 /* Resources */ = {
			isa = PBXResourcesBuildPhase;
			buildActionMask = 2147483647;
			files = (
			);
			runOnlyForDeploymentPostprocessing = 0;
		};
		F7A636631EFFEEBB001E0544 /* Resources */ = {
			isa = PBXResourcesBuildPhase;
			buildActionMask = 2147483647;
			files = (
			);
			runOnlyForDeploymentPostprocessing = 0;
		};
/* End PBXResourcesBuildPhase section */

/* Begin PBXShellScriptBuildPhase section */
		03E14CABD00F03A70748E189 /* [CP] Embed Pods Frameworks */ = {
			isa = PBXShellScriptBuildPhase;
			buildActionMask = 2147483647;
			files = (
			);
			inputPaths = (
				"${PODS_ROOT}/Target Support Files/Pods-Islams Fundament/Pods-Islams Fundament-frameworks.sh",
				"${BUILT_PRODUCTS_DIR}/XLPagerTabStrip/XLPagerTabStrip.framework",
			);
			name = "[CP] Embed Pods Frameworks";
			outputPaths = (
				"${TARGET_BUILD_DIR}/${FRAMEWORKS_FOLDER_PATH}/XLPagerTabStrip.framework",
			);
			runOnlyForDeploymentPostprocessing = 0;
			shellPath = /bin/sh;
			shellScript = "\"${PODS_ROOT}/Target Support Files/Pods-Islams Fundament/Pods-Islams Fundament-frameworks.sh\"\n";
			showEnvVarsInLog = 0;
		};
		352D2CCC3CFE7B1677945B01 /* [CP] Check Pods Manifest.lock */ = {
			isa = PBXShellScriptBuildPhase;
			buildActionMask = 2147483647;
			files = (
			);
			inputPaths = (
				"${PODS_PODFILE_DIR_PATH}/Podfile.lock",
				"${PODS_ROOT}/Manifest.lock",
			);
			name = "[CP] Check Pods Manifest.lock";
			outputPaths = (
				"$(DERIVED_FILE_DIR)/Pods-Islams FundamentTests-checkManifestLockResult.txt",
			);
			runOnlyForDeploymentPostprocessing = 0;
			shellPath = /bin/sh;
			shellScript = "diff \"${PODS_PODFILE_DIR_PATH}/Podfile.lock\" \"${PODS_ROOT}/Manifest.lock\" > /dev/null\nif [ $? != 0 ] ; then\n    # print error to STDERR\n    echo \"error: The sandbox is not in sync with the Podfile.lock. Run 'pod install' or update your CocoaPods installation.\" >&2\n    exit 1\nfi\n# This output is used by Xcode 'outputs' to avoid re-running this script phase.\necho \"SUCCESS\" > \"${SCRIPT_OUTPUT_FILE_0}\"\n";
			showEnvVarsInLog = 0;
		};
		4C32A9E5F73D0F3FC1344444 /* [CP] Check Pods Manifest.lock */ = {
			isa = PBXShellScriptBuildPhase;
			buildActionMask = 2147483647;
			files = (
			);
			inputPaths = (
				"${PODS_PODFILE_DIR_PATH}/Podfile.lock",
				"${PODS_ROOT}/Manifest.lock",
			);
			name = "[CP] Check Pods Manifest.lock";
			outputPaths = (
				"$(DERIVED_FILE_DIR)/Pods-Islams FundamentUITests-checkManifestLockResult.txt",
			);
			runOnlyForDeploymentPostprocessing = 0;
			shellPath = /bin/sh;
			shellScript = "diff \"${PODS_PODFILE_DIR_PATH}/Podfile.lock\" \"${PODS_ROOT}/Manifest.lock\" > /dev/null\nif [ $? != 0 ] ; then\n    # print error to STDERR\n    echo \"error: The sandbox is not in sync with the Podfile.lock. Run 'pod install' or update your CocoaPods installation.\" >&2\n    exit 1\nfi\n# This output is used by Xcode 'outputs' to avoid re-running this script phase.\necho \"SUCCESS\" > \"${SCRIPT_OUTPUT_FILE_0}\"\n";
			showEnvVarsInLog = 0;
		};
		9EDEE90965DF19E2F39C5C26 /* [CP] Check Pods Manifest.lock */ = {
			isa = PBXShellScriptBuildPhase;
			buildActionMask = 2147483647;
			files = (
			);
			inputPaths = (
				"${PODS_PODFILE_DIR_PATH}/Podfile.lock",
				"${PODS_ROOT}/Manifest.lock",
			);
			name = "[CP] Check Pods Manifest.lock";
			outputPaths = (
				"$(DERIVED_FILE_DIR)/Pods-Islams Fundament-checkManifestLockResult.txt",
			);
			runOnlyForDeploymentPostprocessing = 0;
			shellPath = /bin/sh;
			shellScript = "diff \"${PODS_PODFILE_DIR_PATH}/Podfile.lock\" \"${PODS_ROOT}/Manifest.lock\" > /dev/null\nif [ $? != 0 ] ; then\n    # print error to STDERR\n    echo \"error: The sandbox is not in sync with the Podfile.lock. Run 'pod install' or update your CocoaPods installation.\" >&2\n    exit 1\nfi\n# This output is used by Xcode 'outputs' to avoid re-running this script phase.\necho \"SUCCESS\" > \"${SCRIPT_OUTPUT_FILE_0}\"\n";
			showEnvVarsInLog = 0;
		};
/* End PBXShellScriptBuildPhase section */

/* Begin PBXSourcesBuildPhase section */
		F7A636421EFFEEBB001E0544 /* Sources */ = {
			isa = PBXSourcesBuildPhase;
			buildActionMask = 2147483647;
			files = (
				F7FF270A1F0D9D1000913313 /* TextViewController.swift in Sources */,
				F7A6367B1EFFF130001E0544 /* HomeTableViewCell.swift in Sources */,
				F7A6364A1EFFEEBB001E0544 /* AppDelegate.swift in Sources */,
				F7EA450E1F0ED2660038C07D /* TabItemData.swift in Sources */,
				F7EA45101F0ED2FA0038C07D /* TabItemDataGenerator.swift in Sources */,
				F78743851F105451000035A0 /* ContactViewController.swift in Sources */,
				F7A6367D1EFFF155001E0544 /* Constants.swift in Sources */,
				F7EA450B1F0EC6680038C07D /* PagerTabsViewController.swift in Sources */,
				F7A6367F1EFFF19A001E0544 /* HomeViewController.swift in Sources */,
			);
			runOnlyForDeploymentPostprocessing = 0;
		};
		F7A636561EFFEEBB001E0544 /* Sources */ = {
			isa = PBXSourcesBuildPhase;
			buildActionMask = 2147483647;
			files = (
				F7A6365F1EFFEEBB001E0544 /* IslamAppTests.swift in Sources */,
			);
			runOnlyForDeploymentPostprocessing = 0;
		};
		F7A636611EFFEEBB001E0544 /* Sources */ = {
			isa = PBXSourcesBuildPhase;
			buildActionMask = 2147483647;
			files = (
				F7A6366A1EFFEEBB001E0544 /* IslamAppUITests.swift in Sources */,
			);
			runOnlyForDeploymentPostprocessing = 0;
		};
/* End PBXSourcesBuildPhase section */

/* Begin PBXTargetDependency section */
		F7A6365C1EFFEEBB001E0544 /* PBXTargetDependency */ = {
			isa = PBXTargetDependency;
			target = F7A636451EFFEEBB001E0544 /* Islams Fundament */;
			targetProxy = F7A6365B1EFFEEBB001E0544 /* PBXContainerItemProxy */;
		};
		F7A636671EFFEEBB001E0544 /* PBXTargetDependency */ = {
			isa = PBXTargetDependency;
			target = F7A636451EFFEEBB001E0544 /* Islams Fundament */;
			targetProxy = F7A636661EFFEEBB001E0544 /* PBXContainerItemProxy */;
		};
/* End PBXTargetDependency section */

/* Begin PBXVariantGroup section */
		F7A6364D1EFFEEBB001E0544 /* Main.storyboard */ = {
			isa = PBXVariantGroup;
			children = (
				F7A6364E1EFFEEBB001E0544 /* Base */,
			);
			name = Main.storyboard;
			sourceTree = "<group>";
		};
		F7A636521EFFEEBB001E0544 /* LaunchScreen.storyboard */ = {
			isa = PBXVariantGroup;
			children = (
				F7A636531EFFEEBB001E0544 /* Base */,
			);
			name = LaunchScreen.storyboard;
			sourceTree = "<group>";
		};
/* End PBXVariantGroup section */

/* Begin XCBuildConfiguration section */
		F7A6366C1EFFEEBB001E0544 /* Debug */ = {
			isa = XCBuildConfiguration;
			buildSettings = {
				ALWAYS_SEARCH_USER_PATHS = NO;
				CLANG_ANALYZER_NONNULL = YES;
				CLANG_ANALYZER_NUMBER_OBJECT_CONVERSION = YES_AGGRESSIVE;
				CLANG_CXX_LANGUAGE_STANDARD = "gnu++0x";
				CLANG_CXX_LIBRARY = "libc++";
				CLANG_ENABLE_MODULES = YES;
				CLANG_ENABLE_OBJC_ARC = YES;
				CLANG_WARN_BLOCK_CAPTURE_AUTORELEASING = YES;
				CLANG_WARN_BOOL_CONVERSION = YES;
				CLANG_WARN_COMMA = YES;
				CLANG_WARN_CONSTANT_CONVERSION = YES;
				CLANG_WARN_DEPRECATED_OBJC_IMPLEMENTATIONS = YES;
				CLANG_WARN_DIRECT_OBJC_ISA_USAGE = YES_ERROR;
				CLANG_WARN_DOCUMENTATION_COMMENTS = YES;
				CLANG_WARN_EMPTY_BODY = YES;
				CLANG_WARN_ENUM_CONVERSION = YES;
				CLANG_WARN_INFINITE_RECURSION = YES;
				CLANG_WARN_INT_CONVERSION = YES;
				CLANG_WARN_NON_LITERAL_NULL_CONVERSION = YES;
				CLANG_WARN_OBJC_IMPLICIT_RETAIN_SELF = YES;
				CLANG_WARN_OBJC_LITERAL_CONVERSION = YES;
				CLANG_WARN_OBJC_ROOT_CLASS = YES_ERROR;
				CLANG_WARN_RANGE_LOOP_ANALYSIS = YES;
				CLANG_WARN_STRICT_PROTOTYPES = YES;
				CLANG_WARN_SUSPICIOUS_MOVE = YES;
				CLANG_WARN_UNREACHABLE_CODE = YES;
				CLANG_WARN__DUPLICATE_METHOD_MATCH = YES;
				"CODE_SIGN_IDENTITY[sdk=iphoneos*]" = "iPhone Developer";
				COPY_PHASE_STRIP = NO;
				DEBUG_INFORMATION_FORMAT = dwarf;
				ENABLE_STRICT_OBJC_MSGSEND = YES;
				ENABLE_TESTABILITY = YES;
				GCC_C_LANGUAGE_STANDARD = gnu99;
				GCC_DYNAMIC_NO_PIC = NO;
				GCC_NO_COMMON_BLOCKS = YES;
				GCC_OPTIMIZATION_LEVEL = 0;
				GCC_PREPROCESSOR_DEFINITIONS = (
					"DEBUG=1",
					"$(inherited)",
				);
				GCC_WARN_64_TO_32_BIT_CONVERSION = YES;
				GCC_WARN_ABOUT_RETURN_TYPE = YES_ERROR;
				GCC_WARN_UNDECLARED_SELECTOR = YES;
				GCC_WARN_UNINITIALIZED_AUTOS = YES_AGGRESSIVE;
				GCC_WARN_UNUSED_FUNCTION = YES;
				GCC_WARN_UNUSED_VARIABLE = YES;
				IPHONEOS_DEPLOYMENT_TARGET = 10.3;
				MTL_ENABLE_DEBUG_INFO = YES;
				ONLY_ACTIVE_ARCH = YES;
				SDKROOT = iphoneos;
				SWIFT_ACTIVE_COMPILATION_CONDITIONS = DEBUG;
				SWIFT_OPTIMIZATION_LEVEL = "-Onone";
				TARGETED_DEVICE_FAMILY = "1,2";
			};
			name = Debug;
		};
		F7A6366D1EFFEEBB001E0544 /* Release */ = {
			isa = XCBuildConfiguration;
			buildSettings = {
				ALWAYS_SEARCH_USER_PATHS = NO;
				CLANG_ANALYZER_NONNULL = YES;
				CLANG_ANALYZER_NUMBER_OBJECT_CONVERSION = YES_AGGRESSIVE;
				CLANG_CXX_LANGUAGE_STANDARD = "gnu++0x";
				CLANG_CXX_LIBRARY = "libc++";
				CLANG_ENABLE_MODULES = YES;
				CLANG_ENABLE_OBJC_ARC = YES;
				CLANG_WARN_BLOCK_CAPTURE_AUTORELEASING = YES;
				CLANG_WARN_BOOL_CONVERSION = YES;
				CLANG_WARN_COMMA = YES;
				CLANG_WARN_CONSTANT_CONVERSION = YES;
				CLANG_WARN_DEPRECATED_OBJC_IMPLEMENTATIONS = YES;
				CLANG_WARN_DIRECT_OBJC_ISA_USAGE = YES_ERROR;
				CLANG_WARN_DOCUMENTATION_COMMENTS = YES;
				CLANG_WARN_EMPTY_BODY = YES;
				CLANG_WARN_ENUM_CONVERSION = YES;
				CLANG_WARN_INFINITE_RECURSION = YES;
				CLANG_WARN_INT_CONVERSION = YES;
				CLANG_WARN_NON_LITERAL_NULL_CONVERSION = YES;
				CLANG_WARN_OBJC_IMPLICIT_RETAIN_SELF = YES;
				CLANG_WARN_OBJC_LITERAL_CONVERSION = YES;
				CLANG_WARN_OBJC_ROOT_CLASS = YES_ERROR;
				CLANG_WARN_RANGE_LOOP_ANALYSIS = YES;
				CLANG_WARN_STRICT_PROTOTYPES = YES;
				CLANG_WARN_SUSPICIOUS_MOVE = YES;
				CLANG_WARN_UNREACHABLE_CODE = YES;
				CLANG_WARN__DUPLICATE_METHOD_MATCH = YES;
				"CODE_SIGN_IDENTITY[sdk=iphoneos*]" = "iPhone Developer";
				COPY_PHASE_STRIP = NO;
				DEBUG_INFORMATION_FORMAT = "dwarf-with-dsym";
				ENABLE_NS_ASSERTIONS = NO;
				ENABLE_STRICT_OBJC_MSGSEND = YES;
				GCC_C_LANGUAGE_STANDARD = gnu99;
				GCC_NO_COMMON_BLOCKS = YES;
				GCC_WARN_64_TO_32_BIT_CONVERSION = YES;
				GCC_WARN_ABOUT_RETURN_TYPE = YES_ERROR;
				GCC_WARN_UNDECLARED_SELECTOR = YES;
				GCC_WARN_UNINITIALIZED_AUTOS = YES_AGGRESSIVE;
				GCC_WARN_UNUSED_FUNCTION = YES;
				GCC_WARN_UNUSED_VARIABLE = YES;
				IPHONEOS_DEPLOYMENT_TARGET = 10.3;
				MTL_ENABLE_DEBUG_INFO = NO;
				SDKROOT = iphoneos;
				SWIFT_OPTIMIZATION_LEVEL = "-Owholemodule";
				TARGETED_DEVICE_FAMILY = "1,2";
				VALIDATE_PRODUCT = YES;
			};
			name = Release;
		};
		F7A6366F1EFFEEBB001E0544 /* Debug */ = {
			isa = XCBuildConfiguration;
			baseConfigurationReference = 77D4563E5B3B69A39FB74EEC /* Pods-Islams Fundament.debug.xcconfig */;
			buildSettings = {
				ASSETCATALOG_COMPILER_APPICON_NAME = AppIcon;
				"CODE_SIGN_IDENTITY[sdk=iphoneos*]" = "iPhone Developer";
				CURRENT_PROJECT_VERSION = 1.35;
				DEVELOPMENT_TEAM = K6TE72P5B6;
				INFOPLIST_FILE = IslamApp/Info.plist;
				IPHONEOS_DEPLOYMENT_TARGET = 10.3;
				LD_RUNPATH_SEARCH_PATHS = "$(inherited) @executable_path/Frameworks";
				MARKETING_VERSION = 1.35;
				PRODUCT_BUNDLE_IDENTIFIER = com.app.IslamApp;
				PRODUCT_NAME = "$(TARGET_NAME)";
				PROVISIONING_PROFILE_SPECIFIER = "";
				SWIFT_VERSION = 4.2;
			};
			name = Debug;
		};
		F7A636701EFFEEBB001E0544 /* Release */ = {
			isa = XCBuildConfiguration;
			baseConfigurationReference = C12CEE1E34B35CD9C14F4BCA /* Pods-Islams Fundament.release.xcconfig */;
			buildSettings = {
				ASSETCATALOG_COMPILER_APPICON_NAME = AppIcon;
				"CODE_SIGN_IDENTITY[sdk=iphoneos*]" = "iPhone Developer";
				CURRENT_PROJECT_VERSION = 1.35;
				DEVELOPMENT_TEAM = K6TE72P5B6;
				INFOPLIST_FILE = IslamApp/Info.plist;
				IPHONEOS_DEPLOYMENT_TARGET = 10.3;
				LD_RUNPATH_SEARCH_PATHS = "$(inherited) @executable_path/Frameworks";
				MARKETING_VERSION = 1.35;
				PRODUCT_BUNDLE_IDENTIFIER = com.app.IslamApp;
				PRODUCT_NAME = "$(TARGET_NAME)";
				PROVISIONING_PROFILE_SPECIFIER = "";
				SWIFT_VERSION = 4.2;
			};
			name = Release;
		};
		F7A636721EFFEEBB001E0544 /* Debug */ = {
			isa = XCBuildConfiguration;
			baseConfigurationReference = D3D65AA1952C2903F057C8C6 /* Pods-Islams FundamentTests.debug.xcconfig */;
			buildSettings = {
				ALWAYS_EMBED_SWIFT_STANDARD_LIBRARIES = YES;
				BUNDLE_LOADER = "$(TEST_HOST)";
				INFOPLIST_FILE = IslamAppTests/Info.plist;
				LD_RUNPATH_SEARCH_PATHS = "$(inherited) @executable_path/Frameworks @loader_path/Frameworks";
				PRODUCT_BUNDLE_IDENTIFIER = com.appp.IslamAppTests;
				PRODUCT_NAME = "$(TARGET_NAME)";
				SWIFT_VERSION = 4.2;
				TEST_HOST = "$(BUILT_PRODUCTS_DIR)/Islams Fundament.app/Islams Fundament";
			};
			name = Debug;
		};
		F7A636731EFFEEBB001E0544 /* Release */ = {
			isa = XCBuildConfiguration;
			baseConfigurationReference = A0E3AF2E2EA0213B11DF196E /* Pods-Islams FundamentTests.release.xcconfig */;
			buildSettings = {
				ALWAYS_EMBED_SWIFT_STANDARD_LIBRARIES = YES;
				BUNDLE_LOADER = "$(TEST_HOST)";
				INFOPLIST_FILE = IslamAppTests/Info.plist;
				LD_RUNPATH_SEARCH_PATHS = "$(inherited) @executable_path/Frameworks @loader_path/Frameworks";
				PRODUCT_BUNDLE_IDENTIFIER = com.appp.IslamAppTests;
				PRODUCT_NAME = "$(TARGET_NAME)";
				SWIFT_VERSION = 4.2;
				TEST_HOST = "$(BUILT_PRODUCTS_DIR)/Islams Fundament.app/Islams Fundament";
			};
			name = Release;
		};
		F7A636751EFFEEBB001E0544 /* Debug */ = {
			isa = XCBuildConfiguration;
			baseConfigurationReference = 55BC6D21AB86F095BD3A8A32 /* Pods-Islams FundamentUITests.debug.xcconfig */;
			buildSettings = {
				ALWAYS_EMBED_SWIFT_STANDARD_LIBRARIES = YES;
				INFOPLIST_FILE = IslamAppUITests/Info.plist;
				LD_RUNPATH_SEARCH_PATHS = "$(inherited) @executable_path/Frameworks @loader_path/Frameworks";
				PRODUCT_BUNDLE_IDENTIFIER = com.appp.IslamAppUITests;
				PRODUCT_NAME = "$(TARGET_NAME)";
				SWIFT_VERSION = 4.2;
				TEST_TARGET_NAME = IslamApp;
			};
			name = Debug;
		};
		F7A636761EFFEEBB001E0544 /* Release */ = {
			isa = XCBuildConfiguration;
			baseConfigurationReference = 86AAC968FB5DCBE7623A0BBF /* Pods-Islams FundamentUITests.release.xcconfig */;
			buildSettings = {
				ALWAYS_EMBED_SWIFT_STANDARD_LIBRARIES = YES;
				INFOPLIST_FILE = IslamAppUITests/Info.plist;
				LD_RUNPATH_SEARCH_PATHS = "$(inherited) @executable_path/Frameworks @loader_path/Frameworks";
				PRODUCT_BUNDLE_IDENTIFIER = com.appp.IslamAppUITests;
				PRODUCT_NAME = "$(TARGET_NAME)";
				SWIFT_VERSION = 4.2;
				TEST_TARGET_NAME = IslamApp;
			};
			name = Release;
		};
/* End XCBuildConfiguration section */

/* Begin XCConfigurationList section */
		F7A636411EFFEEBA001E0544 /* Build configuration list for PBXProject "Islams Fundament" */ = {
			isa = XCConfigurationList;
			buildConfigurations = (
				F7A6366C1EFFEEBB001E0544 /* Debug */,
				F7A6366D1EFFEEBB001E0544 /* Release */,
			);
			defaultConfigurationIsVisible = 0;
			defaultConfigurationName = Release;
		};
		F7A6366E1EFFEEBB001E0544 /* Build configuration list for PBXNativeTarget "Islams Fundament" */ = {
			isa = XCConfigurationList;
			buildConfigurations = (
				F7A6366F1EFFEEBB001E0544 /* Debug */,
				F7A636701EFFEEBB001E0544 /* Release */,
			);
			defaultConfigurationIsVisible = 0;
			defaultConfigurationName = Release;
		};
		F7A636711EFFEEBB001E0544 /* Build configuration list for PBXNativeTarget "Islams FundamentTests" */ = {
			isa = XCConfigurationList;
			buildConfigurations = (
				F7A636721EFFEEBB001E0544 /* Debug */,
				F7A636731EFFEEBB001E0544 /* Release */,
			);
			defaultConfigurationIsVisible = 0;
			defaultConfigurationName = Release;
		};
		F7A636741EFFEEBB001E0544 /* Build configuration list for PBXNativeTarget "Islams FundamentUITests" */ = {
			isa = XCConfigurationList;
			buildConfigurations = (
				F7A636751EFFEEBB001E0544 /* Debug */,
				F7A636761EFFEEBB001E0544 /* Release */,
			);
			defaultConfigurationIsVisible = 0;
			defaultConfigurationName = Release;
		};
/* End XCConfigurationList section */
	};
	rootObject = F7A6363E1EFFEEBA001E0544 /* Project object */;
}
